
Microsoft Visual Studio Solution File, Format Version 12.00
# Visual Studio Version 16
VisualStudioVersion = 16.0.33927.289
MinimumVisualStudioVersion = 10.0.40219.1
Project("{2150E333-8FDC-42A3-9474-1A3956D46DE8}") = "Task0", "Task0", "{86A28EB8-3A91-4010-99C2-0786E6FFE044}"
EndProject
Project("{FAE04EC0-301F-11D3-BF4B-00C04F79EFBC}") = "Tyuiu.VorobevSA.Sprint5.Task0.V29", "Tyuiu.VorobevSA.Sprint5.Task0.V29\Tyuiu.VorobevSA.Sprint5.Task0.V29.csproj", "{49D0B45E-A939-4C70-B143-F634609CCDFF}"
EndProject
Project("{FAE04EC0-301F-11D3-BF4B-00C04F79EFBC}") = "Tyuiu.VorobevSA.Sprint5.Task0.V29.Lib", "Tyuiu.VorobevSA.Sprint5.Task0.V29.Lib\Tyuiu.VorobevSA.Sprint5.Task0.V29.Lib.csproj", "{CCAE607C-3644-4C10-AD0C-D53CEE60B6B2}"
EndProject
Project("{FAE04EC0-301F-11D3-BF4B-00C04F79EFBC}") = "Tyuiu.VorobevSA.Sprint5.Task0.V29.Test", "Tyuiu.VorobevSA.Sprint5.Task0.V29.Test\Tyuiu.VorobevSA.Sprint5.Task0.V29.Test.csproj", "{C99B0B4C-8EDC-4951-AE29-EB7AAB84C11B}"
EndProject
Project("{2150E333-8FDC-42A3-9474-1A3956D46DE8}") = "Task1", "Task1", "{D723C74A-2E65-4AA3-B673-45EA2B7FF6DE}"
EndProject
Project("{FAE04EC0-301F-11D3-BF4B-00C04F79EFBC}") = "Tyuiu.VorobevSA.Sprint5.Task1.V6", "Tyuiu.VorobevSA.Sprint5.Task1.V6\Tyuiu.VorobevSA.Sprint5.Task1.V6.csproj", "{BCA97417-E017-42CE-83A6-ABFB012C1AF8}"
EndProject
Project("{FAE04EC0-301F-11D3-BF4B-00C04F79EFBC}") = "Tyuiu.VorobevSA.Sprint5.Task1.V6.Lib", "Tyuiu.VorobevSA.Sprint5.Task1.V6.Lib\Tyuiu.VorobevSA.Sprint5.Task1.V6.Lib.csproj", "{8ADDA003-6601-4C11-AE5B-FC63ABFD68A7}"
EndProject
Project("{FAE04EC0-301F-11D3-BF4B-00C04F79EFBC}") = "Tyuiu.VorobevSA.Sprint5.Task1.V6.Test", "Tyuiu.VorobevSA.Sprint5.Task1.V6.Test\Tyuiu.VorobevSA.Sprint5.Task1.V6.Test.csproj", "{BE231FE5-075F-4C98-A317-A3A3F6B0F470}"
EndProject
Project("{2150E333-8FDC-42A3-9474-1A3956D46DE8}") = "Task2", "Task2", "{9244420C-53E6-4EF8-8709-0E04B7B42D79}"
EndProject
Project("{FAE04EC0-301F-11D3-BF4B-00C04F79EFBC}") = "Tyuiu.VorobevSA.Sprint5.Task2.V26", "Tyuiu.VorobevSA.Sprint5.Task2.V26\Tyuiu.VorobevSA.Sprint5.Task2.V26.csproj", "{12B89380-9F34-4AB2-B8D6-ED44986CBCB4}"
EndProject
Project("{FAE04EC0-301F-11D3-BF4B-00C04F79EFBC}") = "Tyuiu.VorobevSA.Sprint5.Task2.V26.Lib", "Tyuiu.VorobevSA.Sprint5.Task2.V26.Lib\Tyuiu.VorobevSA.Sprint5.Task2.V26.Lib.csproj", "{64AE2F77-B4C3-4AAA-BCC9-27FEEB5BC53B}"
EndProject
Project("{FAE04EC0-301F-11D3-BF4B-00C04F79EFBC}") = "Tyuiu.VorobevSA.Sprint5.Task2.V26.Test", "Tyuiu.VorobevSA.Sprint5.Task2.V26.Test\Tyuiu.VorobevSA.Sprint5.Task2.V26.Test.csproj", "{16CAADAA-C955-46EB-8FAF-B7917CD46CF7}"
EndProject
Project("{2150E333-8FDC-42A3-9474-1A3956D46DE8}") = "Task3", "Task3", "{36F6A849-93F8-4764-9A44-9BFBFA5CD3DF}"
EndProject
Project("{FAE04EC0-301F-11D3-BF4B-00C04F79EFBC}") = "Tyuiu.VorobevSA.Sprint5.Task3.V30", "Tyuiu.VorobevSA.Sprint5.Task3.V30\Tyuiu.VorobevSA.Sprint5.Task3.V30.csproj", "{78923922-3B44-4317-B7EF-167B281079F6}"
EndProject
Project("{FAE04EC0-301F-11D3-BF4B-00C04F79EFBC}") = "Tyuiu.VorobevSA.Sprint5.Task3.V30.Lib", "Tyuiu.VorobevSA.Sprint5.Task3.V30.Lib\Tyuiu.VorobevSA.Sprint5.Task3.V30.Lib.csproj", "{1889524C-1D29-47E2-8580-8B08E8B1611C}"
EndProject
Project("{FAE04EC0-301F-11D3-BF4B-00C04F79EFBC}") = "Tyuiu.VorobevSA.Sprint5.Task3.V30.Test", "Tyuiu.VorobevSA.Sprint5.Task3.V30.Test\Tyuiu.VorobevSA.Sprint5.Task3.V30.Test.csproj", "{64EE987B-3BF0-43E9-8739-59D355C891B2}"
EndProject
Project("{2150E333-8FDC-42A3-9474-1A3956D46DE8}") = "Task4", "Task4", "{B39B696A-4A3E-47CF-B1E0-F3CD1166EAA1}"
EndProject
Project("{FAE04EC0-301F-11D3-BF4B-00C04F79EFBC}") = "Tyuiu.VorobevSA.Sprint5.Task4.V21", "Tyuiu.VorobevSA.Sprint5.Task4.V21\Tyuiu.VorobevSA.Sprint5.Task4.V21.csproj", "{B6D7EC8F-9010-4DC4-9A7A-8233ED63F390}"
EndProject
Project("{FAE04EC0-301F-11D3-BF4B-00C04F79EFBC}") = "Tyuiu.VorobevSA.Sprint5.Task4.V21.Lib", "Tyuiu.VorobevSA.Sprint5.Task4.V21.Lib\Tyuiu.VorobevSA.Sprint5.Task4.V21.Lib.csproj", "{9F76A152-839C-4FCF-9A9D-E7F7DFD88C38}"
EndProject
Project("{FAE04EC0-301F-11D3-BF4B-00C04F79EFBC}") = "Tyuiu.VorobevSA.Sprint5.Task4.V21.Test", "Tyuiu.VorobevSA.Sprint5.Task4.V21.Test\Tyuiu.VorobevSA.Sprint5.Task4.V21.Test.csproj", "{2546C96C-1C31-4C6A-8D20-70FFE59066A1}"
EndProject
Global
	GlobalSection(SolutionConfigurationPlatforms) = preSolution
		Debug|Any CPU = Debug|Any CPU
		Release|Any CPU = Release|Any CPU
	EndGlobalSection
	GlobalSection(ProjectConfigurationPlatforms) = postSolution
		{49D0B45E-A939-4C70-B143-F634609CCDFF}.Debug|Any CPU.ActiveCfg = Debug|Any CPU
		{49D0B45E-A939-4C70-B143-F634609CCDFF}.Debug|Any CPU.Build.0 = Debug|Any CPU
		{49D0B45E-A939-4C70-B143-F634609CCDFF}.Release|Any CPU.ActiveCfg = Release|Any CPU
		{49D0B45E-A939-4C70-B143-F634609CCDFF}.Release|Any CPU.Build.0 = Release|Any CPU
		{CCAE607C-3644-4C10-AD0C-D53CEE60B6B2}.Debug|Any CPU.ActiveCfg = Debug|Any CPU
		{CCAE607C-3644-4C10-AD0C-D53CEE60B6B2}.Debug|Any CPU.Build.0 = Debug|Any CPU
		{CCAE607C-3644-4C10-AD0C-D53CEE60B6B2}.Release|Any CPU.ActiveCfg = Release|Any CPU
		{CCAE607C-3644-4C10-AD0C-D53CEE60B6B2}.Release|Any CPU.Build.0 = Release|Any CPU
		{C99B0B4C-8EDC-4951-AE29-EB7AAB84C11B}.Debug|Any CPU.ActiveCfg = Debug|Any CPU
		{C99B0B4C-8EDC-4951-AE29-EB7AAB84C11B}.Debug|Any CPU.Build.0 = Debug|Any CPU
		{C99B0B4C-8EDC-4951-AE29-EB7AAB84C11B}.Release|Any CPU.ActiveCfg = Release|Any CPU
		{C99B0B4C-8EDC-4951-AE29-EB7AAB84C11B}.Release|Any CPU.Build.0 = Release|Any CPU
		{BCA97417-E017-42CE-83A6-ABFB012C1AF8}.Debug|Any CPU.ActiveCfg = Debug|Any CPU
		{BCA97417-E017-42CE-83A6-ABFB012C1AF8}.Debug|Any CPU.Build.0 = Debug|Any CPU
		{BCA97417-E017-42CE-83A6-ABFB012C1AF8}.Release|Any CPU.ActiveCfg = Release|Any CPU
		{BCA97417-E017-42CE-83A6-ABFB012C1AF8}.Release|Any CPU.Build.0 = Release|Any CPU
		{8ADDA003-6601-4C11-AE5B-FC63ABFD68A7}.Debug|Any CPU.ActiveCfg = Debug|Any CPU
		{8ADDA003-6601-4C11-AE5B-FC63ABFD68A7}.Debug|Any CPU.Build.0 = Debug|Any CPU
		{8ADDA003-6601-4C11-AE5B-FC63ABFD68A7}.Release|Any CPU.ActiveCfg = Release|Any CPU
		{8ADDA003-6601-4C11-AE5B-FC63ABFD68A7}.Release|Any CPU.Build.0 = Release|Any CPU
		{BE231FE5-075F-4C98-A317-A3A3F6B0F470}.Debug|Any CPU.ActiveCfg = Debug|Any CPU
		{BE231FE5-075F-4C98-A317-A3A3F6B0F470}.Debug|Any CPU.Build.0 = Debug|Any CPU
		{BE231FE5-075F-4C98-A317-A3A3F6B0F470}.Release|Any CPU.ActiveCfg = Release|Any CPU
		{BE231FE5-075F-4C98-A317-A3A3F6B0F470}.Release|Any CPU.Build.0 = Release|Any CPU
		{12B89380-9F34-4AB2-B8D6-ED44986CBCB4}.Debug|Any CPU.ActiveCfg = Debug|Any CPU
		{12B89380-9F34-4AB2-B8D6-ED44986CBCB4}.Debug|Any CPU.Build.0 = Debug|Any CPU
		{12B89380-9F34-4AB2-B8D6-ED44986CBCB4}.Release|Any CPU.ActiveCfg = Release|Any CPU
		{12B89380-9F34-4AB2-B8D6-ED44986CBCB4}.Release|Any CPU.Build.0 = Release|Any CPU
		{64AE2F77-B4C3-4AAA-BCC9-27FEEB5BC53B}.Debug|Any CPU.ActiveCfg = Debug|Any CPU
		{64AE2F77-B4C3-4AAA-BCC9-27FEEB5BC53B}.Debug|Any CPU.Build.0 = Debug|Any CPU
		{64AE2F77-B4C3-4AAA-BCC9-27FEEB5BC53B}.Release|Any CPU.ActiveCfg = Release|Any CPU
		{64AE2F77-B4C3-4AAA-BCC9-27FEEB5BC53B}.Release|Any CPU.Build.0 = Release|Any CPU
		{16CAADAA-C955-46EB-8FAF-B7917CD46CF7}.Debug|Any CPU.ActiveCfg = Debug|Any CPU
		{16CAADAA-C955-46EB-8FAF-B7917CD46CF7}.Debug|Any CPU.Build.0 = Debug|Any CPU
		{16CAADAA-C955-46EB-8FAF-B7917CD46CF7}.Release|Any CPU.ActiveCfg = Release|Any CPU
		{16CAADAA-C955-46EB-8FAF-B7917CD46CF7}.Release|Any CPU.Build.0 = Release|Any CPU
		{78923922-3B44-4317-B7EF-167B281079F6}.Debug|Any CPU.ActiveCfg = Debug|Any CPU
		{78923922-3B44-4317-B7EF-167B281079F6}.Debug|Any CPU.Build.0 = Debug|Any CPU
		{78923922-3B44-4317-B7EF-167B281079F6}.Release|Any CPU.ActiveCfg = Release|Any CPU
		{78923922-3B44-4317-B7EF-167B281079F6}.Release|Any CPU.Build.0 = Release|Any CPU
		{1889524C-1D29-47E2-8580-8B08E8B1611C}.Debug|Any CPU.ActiveCfg = Debug|Any CPU
		{1889524C-1D29-47E2-8580-8B08E8B1611C}.Debug|Any CPU.Build.0 = Debug|Any CPU
		{1889524C-1D29-47E2-8580-8B08E8B1611C}.Release|Any CPU.ActiveCfg = Release|Any CPU
		{1889524C-1D29-47E2-8580-8B08E8B1611C}.Release|Any CPU.Build.0 = Release|Any CPU
		{64EE987B-3BF0-43E9-8739-59D355C891B2}.Debug|Any CPU.ActiveCfg = Debug|Any CPU
		{64EE987B-3BF0-43E9-8739-59D355C891B2}.Debug|Any CPU.Build.0 = Debug|Any CPU
		{64EE987B-3BF0-43E9-8739-59D355C891B2}.Release|Any CPU.ActiveCfg = Release|Any CPU
		{64EE987B-3BF0-43E9-8739-59D355C891B2}.Release|Any CPU.Build.0 = Release|Any CPU
		{B6D7EC8F-9010-4DC4-9A7A-8233ED63F390}.Debug|Any CPU.ActiveCfg = Debug|Any CPU
		{B6D7EC8F-9010-4DC4-9A7A-8233ED63F390}.Debug|Any CPU.Build.0 = Debug|Any CPU
		{B6D7EC8F-9010-4DC4-9A7A-8233ED63F390}.Release|Any CPU.ActiveCfg = Release|Any CPU
		{B6D7EC8F-9010-4DC4-9A7A-8233ED63F390}.Release|Any CPU.Build.0 = Release|Any CPU
		{9F76A152-839C-4FCF-9A9D-E7F7DFD88C38}.Debug|Any CPU.ActiveCfg = Debug|Any CPU
		{9F76A152-839C-4FCF-9A9D-E7F7DFD88C38}.Debug|Any CPU.Build.0 = Debug|Any CPU
		{9F76A152-839C-4FCF-9A9D-E7F7DFD88C38}.Release|Any CPU.ActiveCfg = Release|Any CPU
		{9F76A152-839C-4FCF-9A9D-E7F7DFD88C38}.Release|Any CPU.Build.0 = Release|Any CPU
		{2546C96C-1C31-4C6A-8D20-70FFE59066A1}.Debug|Any CPU.ActiveCfg = Debug|Any CPU
		{2546C96C-1C31-4C6A-8D20-70FFE59066A1}.Debug|Any CPU.Build.0 = Debug|Any CPU
		{2546C96C-1C31-4C6A-8D20-70FFE59066A1}.Release|Any CPU.ActiveCfg = Release|Any CPU
		{2546C96C-1C31-4C6A-8D20-70FFE59066A1}.Release|Any CPU.Build.0 = Release|Any CPU
	EndGlobalSection
	GlobalSection(SolutionProperties) = preSolution
		HideSolutionNode = FALSE
	EndGlobalSection
	GlobalSection(NestedProjects) = preSolution
		{49D0B45E-A939-4C70-B143-F634609CCDFF} = {86A28EB8-3A91-4010-99C2-0786E6FFE044}
		{CCAE607C-3644-4C10-AD0C-D53CEE60B6B2} = {86A28EB8-3A91-4010-99C2-0786E6FFE044}
		{C99B0B4C-8EDC-4951-AE29-EB7AAB84C11B} = {86A28EB8-3A91-4010-99C2-0786E6FFE044}
		{BCA97417-E017-42CE-83A6-ABFB012C1AF8} = {D723C74A-2E65-4AA3-B673-45EA2B7FF6DE}
		{8ADDA003-6601-4C11-AE5B-FC63ABFD68A7} = {D723C74A-2E65-4AA3-B673-45EA2B7FF6DE}
		{BE231FE5-075F-4C98-A317-A3A3F6B0F470} = {D723C74A-2E65-4AA3-B673-45EA2B7FF6DE}
		{12B89380-9F34-4AB2-B8D6-ED44986CBCB4} = {9244420C-53E6-4EF8-8709-0E04B7B42D79}
		{64AE2F77-B4C3-4AAA-BCC9-27FEEB5BC53B} = {9244420C-53E6-4EF8-8709-0E04B7B42D79}
		{16CAADAA-C955-46EB-8FAF-B7917CD46CF7} = {9244420C-53E6-4EF8-8709-0E04B7B42D79}
		{78923922-3B44-4317-B7EF-167B281079F6} = {36F6A849-93F8-4764-9A44-9BFBFA5CD3DF}
		{1889524C-1D29-47E2-8580-8B08E8B1611C} = {36F6A849-93F8-4764-9A44-9BFBFA5CD3DF}
		{64EE987B-3BF0-43E9-8739-59D355C891B2} = {36F6A849-93F8-4764-9A44-9BFBFA5CD3DF}
		{B6D7EC8F-9010-4DC4-9A7A-8233ED63F390} = {B39B696A-4A3E-47CF-B1E0-F3CD1166EAA1}
		{9F76A152-839C-4FCF-9A9D-E7F7DFD88C38} = {B39B696A-4A3E-47CF-B1E0-F3CD1166EAA1}
		{2546C96C-1C31-4C6A-8D20-70FFE59066A1} = {B39B696A-4A3E-47CF-B1E0-F3CD1166EAA1}
	EndGlobalSection
	GlobalSection(ExtensibilityGlobals) = postSolution
		SolutionGuid = {FDD1B132-DEE9-4969-9DC2-D21A10799A69}
	EndGlobalSection
EndGlobal
